// !$*UTF8*$!
{
	archiveVersion = 1;
	classes = {
	};
	objectVersion = 52;
	objects = {

/* Begin PBXBuildFile section */
		411DF1F32359EAFA00A37C64 /* ScoreBoxUI.swift in Sources */ = {isa = PBXBuildFile; fileRef = 411DF1F22359EAFA00A37C64 /* ScoreBoxUI.swift */; };
		411DF1F5235AF79900A37C64 /* HexagonParameters.swift in Sources */ = {isa = PBXBuildFile; fileRef = 411DF1F4235AF79900A37C64 /* HexagonParameters.swift */; };
		411DF1F7235AF9F500A37C64 /* Badge.swift in Sources */ = {isa = PBXBuildFile; fileRef = 411DF1F6235AF9F500A37C64 /* Badge.swift */; };
		411DF1F9235B0E3B00A37C64 /* BadgeBackground.swift in Sources */ = {isa = PBXBuildFile; fileRef = 411DF1F8235B0E3B00A37C64 /* BadgeBackground.swift */; };
		411DF1FB235B0EDB00A37C64 /* BadgeSymbol.swift in Sources */ = {isa = PBXBuildFile; fileRef = 411DF1FA235B0EDB00A37C64 /* BadgeSymbol.swift */; };
		411DF1FD235B12ED00A37C64 /* RotatedBadgeSymbol.swift in Sources */ = {isa = PBXBuildFile; fileRef = 411DF1FC235B12ED00A37C64 /* RotatedBadgeSymbol.swift */; };
		411DF201235B4F1200A37C64 /* Line.swift in Sources */ = {isa = PBXBuildFile; fileRef = 411DF200235B4F1200A37C64 /* Line.swift */; };
		411DF203235B56D400A37C64 /* Box.swift in Sources */ = {isa = PBXBuildFile; fileRef = 411DF202235B56D400A37C64 /* Box.swift */; };
		411DF205235C84B600A37C64 /* PlayerScore.swift in Sources */ = {isa = PBXBuildFile; fileRef = 411DF204235C84B600A37C64 /* PlayerScore.swift */; };
		411DF207235C918200A37C64 /* BoardUI.swift in Sources */ = {isa = PBXBuildFile; fileRef = 411DF206235C918200A37C64 /* BoardUI.swift */; };
		411DF2102360565C00A37C64 /* FlowStack in Frameworks */ = {isa = PBXBuildFile; productRef = 411DF20F2360565C00A37C64 /* FlowStack */; };
		415EF2B722AD804C004658C7 /* Player.swift in Sources */ = {isa = PBXBuildFile; fileRef = 415EF2B622AD804C004658C7 /* Player.swift */; };
		415EF2C122AE67C1004658C7 /* GameState.swift in Sources */ = {isa = PBXBuildFile; fileRef = 415EF2C022AE67C1004658C7 /* GameState.swift */; };
		415EF2C322AE68E8004658C7 /* History.swift in Sources */ = {isa = PBXBuildFile; fileRef = 415EF2C222AE68E8004658C7 /* History.swift */; };
		4180349122D24C61001C2B17 /* GameWorld.swift in Sources */ = {isa = PBXBuildFile; fileRef = 4180349022D24C61001C2B17 /* GameWorld.swift */; };
		4180349522D28323001C2B17 /* PlayerUI.swift in Sources */ = {isa = PBXBuildFile; fileRef = 4180349422D28323001C2B17 /* PlayerUI.swift */; };
		4180349A22D7884A001C2B17 /* Settings.swift in Sources */ = {isa = PBXBuildFile; fileRef = 4180349922D7884A001C2B17 /* Settings.swift */; };
		4180349C22DDEC52001C2B17 /* GameScoreArea.swift in Sources */ = {isa = PBXBuildFile; fileRef = 4180349B22DDEC52001C2B17 /* GameScoreArea.swift */; };
		41A89EB122F2D6BC004B0143 /* ScoreBox.swift in Sources */ = {isa = PBXBuildFile; fileRef = 41A89EB022F2D6BC004B0143 /* ScoreBox.swift */; };
		41A89EB622F9A7A0004B0143 /* Constants.swift in Sources */ = {isa = PBXBuildFile; fileRef = 41A89EB522F9A7A0004B0143 /* Constants.swift */; };
		41A89EB822F9C61F004B0143 /* GameBoardView.swift in Sources */ = {isa = PBXBuildFile; fileRef = 41A89EB722F9C61F004B0143 /* GameBoardView.swift */; };
		41ED4F3822AD799000A46C19 /* AppDelegate.swift in Sources */ = {isa = PBXBuildFile; fileRef = 41ED4F3722AD799000A46C19 /* AppDelegate.swift */; };
		41ED4F3A22AD799000A46C19 /* PointsViewController.swift in Sources */ = {isa = PBXBuildFile; fileRef = 41ED4F3922AD799000A46C19 /* PointsViewController.swift */; };
		41ED4F3D22AD799000A46C19 /* Main.storyboard in Resources */ = {isa = PBXBuildFile; fileRef = 41ED4F3B22AD799000A46C19 /* Main.storyboard */; };
		41ED4F3F22AD799300A46C19 /* Assets.xcassets in Resources */ = {isa = PBXBuildFile; fileRef = 41ED4F3E22AD799300A46C19 /* Assets.xcassets */; };
		41ED4F4222AD799300A46C19 /* LaunchScreen.storyboard in Resources */ = {isa = PBXBuildFile; fileRef = 41ED4F4022AD799300A46C19 /* LaunchScreen.storyboard */; };
		41ED98A622EF4320000CEFDD /* ScoreButton.swift in Sources */ = {isa = PBXBuildFile; fileRef = 41ED98A522EF4320000CEFDD /* ScoreButton.swift */; };
/* End PBXBuildFile section */

/* Begin PBXFileReference section */
		411DF1D12359023100A37C64 /* Points.entitlements */ = {isa = PBXFileReference; lastKnownFileType = text.plist.entitlements; path = Points.entitlements; sourceTree = "<group>"; };
		411DF1F22359EAFA00A37C64 /* ScoreBoxUI.swift */ = {isa = PBXFileReference; lastKnownFileType = sourcecode.swift; path = ScoreBoxUI.swift; sourceTree = "<group>"; };
		411DF1F4235AF79900A37C64 /* HexagonParameters.swift */ = {isa = PBXFileReference; lastKnownFileType = sourcecode.swift; path = HexagonParameters.swift; sourceTree = "<group>"; };
		411DF1F6235AF9F500A37C64 /* Badge.swift */ = {isa = PBXFileReference; lastKnownFileType = sourcecode.swift; path = Badge.swift; sourceTree = "<group>"; };
		411DF1F8235B0E3B00A37C64 /* BadgeBackground.swift */ = {isa = PBXFileReference; lastKnownFileType = sourcecode.swift; path = BadgeBackground.swift; sourceTree = "<group>"; };
		411DF1FA235B0EDB00A37C64 /* BadgeSymbol.swift */ = {isa = PBXFileReference; lastKnownFileType = sourcecode.swift; path = BadgeSymbol.swift; sourceTree = "<group>"; };
		411DF1FC235B12ED00A37C64 /* RotatedBadgeSymbol.swift */ = {isa = PBXFileReference; lastKnownFileType = sourcecode.swift; path = RotatedBadgeSymbol.swift; sourceTree = "<group>"; };
		411DF200235B4F1200A37C64 /* Line.swift */ = {isa = PBXFileReference; lastKnownFileType = sourcecode.swift; path = Line.swift; sourceTree = "<group>"; };
		411DF202235B56D400A37C64 /* Box.swift */ = {isa = PBXFileReference; lastKnownFileType = sourcecode.swift; path = Box.swift; sourceTree = "<group>"; };
		411DF204235C84B600A37C64 /* PlayerScore.swift */ = {isa = PBXFileReference; lastKnownFileType = sourcecode.swift; path = PlayerScore.swift; sourceTree = "<group>"; };
		411DF206235C918200A37C64 /* BoardUI.swift */ = {isa = PBXFileReference; lastKnownFileType = sourcecode.swift; path = BoardUI.swift; sourceTree = "<group>"; };
		415EF2B622AD804C004658C7 /* Player.swift */ = {isa = PBXFileReference; lastKnownFileType = sourcecode.swift; name = Player.swift; path = ../Player.swift; sourceTree = "<group>"; };
		415EF2C022AE67C1004658C7 /* GameState.swift */ = {isa = PBXFileReference; lastKnownFileType = sourcecode.swift; path = GameState.swift; sourceTree = "<group>"; };
		415EF2C222AE68E8004658C7 /* History.swift */ = {isa = PBXFileReference; lastKnownFileType = sourcecode.swift; path = History.swift; sourceTree = "<group>"; };
		4180349022D24C61001C2B17 /* GameWorld.swift */ = {isa = PBXFileReference; lastKnownFileType = sourcecode.swift; path = GameWorld.swift; sourceTree = "<group>"; };
		4180349422D28323001C2B17 /* PlayerUI.swift */ = {isa = PBXFileReference; lastKnownFileType = sourcecode.swift; path = PlayerUI.swift; sourceTree = "<group>"; };
		4180349922D7884A001C2B17 /* Settings.swift */ = {isa = PBXFileReference; lastKnownFileType = sourcecode.swift; path = Settings.swift; sourceTree = "<group>"; };
		4180349B22DDEC52001C2B17 /* GameScoreArea.swift */ = {isa = PBXFileReference; lastKnownFileType = sourcecode.swift; name = GameScoreArea.swift; path = Points/GameScoreArea.swift; sourceTree = "<group>"; };
		41A89EB022F2D6BC004B0143 /* ScoreBox.swift */ = {isa = PBXFileReference; lastKnownFileType = sourcecode.swift; name = ScoreBox.swift; path = Points/ScoreBox.swift; sourceTree = "<group>"; };
		41A89EB522F9A7A0004B0143 /* Constants.swift */ = {isa = PBXFileReference; lastKnownFileType = sourcecode.swift; path = Constants.swift; sourceTree = "<group>"; };
		41A89EB722F9C61F004B0143 /* GameBoardView.swift */ = {isa = PBXFileReference; lastKnownFileType = sourcecode.swift; path = GameBoardView.swift; sourceTree = "<group>"; };
		41ED4F3422AD799000A46C19 /* Points.app */ = {isa = PBXFileReference; explicitFileType = wrapper.application; includeInIndex = 0; path = Points.app; sourceTree = BUILT_PRODUCTS_DIR; };
		41ED4F3722AD799000A46C19 /* AppDelegate.swift */ = {isa = PBXFileReference; lastKnownFileType = sourcecode.swift; path = AppDelegate.swift; sourceTree = "<group>"; };
		41ED4F3922AD799000A46C19 /* PointsViewController.swift */ = {isa = PBXFileReference; lastKnownFileType = sourcecode.swift; name = PointsViewController.swift; path = Points/PointsViewController.swift; sourceTree = "<group>"; };
		41ED4F3C22AD799000A46C19 /* Base */ = {isa = PBXFileReference; lastKnownFileType = file.storyboard; name = Base; path = Base.lproj/Main.storyboard; sourceTree = "<group>"; };
		41ED4F3E22AD799300A46C19 /* Assets.xcassets */ = {isa = PBXFileReference; lastKnownFileType = folder.assetcatalog; path = Assets.xcassets; sourceTree = "<group>"; };
		41ED4F4122AD799300A46C19 /* Base */ = {isa = PBXFileReference; lastKnownFileType = file.storyboard; name = Base; path = Base.lproj/LaunchScreen.storyboard; sourceTree = "<group>"; };
		41ED4F4322AD799300A46C19 /* Info.plist */ = {isa = PBXFileReference; lastKnownFileType = text.plist.xml; path = Info.plist; sourceTree = "<group>"; };
		41ED98A522EF4320000CEFDD /* ScoreButton.swift */ = {isa = PBXFileReference; lastKnownFileType = sourcecode.swift; path = ScoreButton.swift; sourceTree = "<group>"; };
/* End PBXFileReference section */

/* Begin PBXFrameworksBuildPhase section */
		41ED4F3122AD799000A46C19 /* Frameworks */ = {
			isa = PBXFrameworksBuildPhase;
			buildActionMask = 2147483647;
			files = (
				411DF2102360565C00A37C64 /* FlowStack in Frameworks */,
			);
			runOnlyForDeploymentPostprocessing = 0;
		};
/* End PBXFrameworksBuildPhase section */

/* Begin PBXGroup section */
		411DF1FE235B16FD00A37C64 /* Badge */ = {
			isa = PBXGroup;
			children = (
				411DF1F4235AF79900A37C64 /* HexagonParameters.swift */,
				411DF1F8235B0E3B00A37C64 /* BadgeBackground.swift */,
				411DF1F6235AF9F500A37C64 /* Badge.swift */,
				411DF1FA235B0EDB00A37C64 /* BadgeSymbol.swift */,
				411DF1FC235B12ED00A37C64 /* RotatedBadgeSymbol.swift */,
			);
			path = Badge;
			sourceTree = "<group>";
		};
		411DF1FF235B194800A37C64 /* SwiftUIModel */ = {
			isa = PBXGroup;
			children = (
				411DF206235C918200A37C64 /* BoardUI.swift */,
				411DF204235C84B600A37C64 /* PlayerScore.swift */,
				411DF1F22359EAFA00A37C64 /* ScoreBoxUI.swift */,
				411DF202235B56D400A37C64 /* Box.swift */,
				411DF200235B4F1200A37C64 /* Line.swift */,
			);
			path = SwiftUIModel;
			sourceTree = "<group>";
		};
		41ED4F2B22AD799000A46C19 = {
			isa = PBXGroup;
			children = (
				411DF1FF235B194800A37C64 /* SwiftUIModel */,
				41ED4F3922AD799000A46C19 /* PointsViewController.swift */,
				4180349B22DDEC52001C2B17 /* GameScoreArea.swift */,
				41A89EB722F9C61F004B0143 /* GameBoardView.swift */,
				4180349422D28323001C2B17 /* PlayerUI.swift */,
				411DF1FE235B16FD00A37C64 /* Badge */,
				41ED98A522EF4320000CEFDD /* ScoreButton.swift */,
				41A89EB022F2D6BC004B0143 /* ScoreBox.swift */,
				41ED4F3622AD799000A46C19 /* Points */,
				41ED4F3522AD799000A46C19 /* Products */,
			);
			sourceTree = "<group>";
		};
		41ED4F3522AD799000A46C19 /* Products */ = {
			isa = PBXGroup;
			children = (
				41ED4F3422AD799000A46C19 /* Points.app */,
			);
			name = Products;
			sourceTree = "<group>";
		};
		41ED4F3622AD799000A46C19 /* Points */ = {
			isa = PBXGroup;
			children = (
				411DF1D12359023100A37C64 /* Points.entitlements */,
				41A89EB522F9A7A0004B0143 /* Constants.swift */,
				4180349922D7884A001C2B17 /* Settings.swift */,
				4180349022D24C61001C2B17 /* GameWorld.swift */,
				415EF2C022AE67C1004658C7 /* GameState.swift */,
				415EF2C222AE68E8004658C7 /* History.swift */,
				415EF2B622AD804C004658C7 /* Player.swift */,
				41ED4F3722AD799000A46C19 /* AppDelegate.swift */,
				41ED4F3B22AD799000A46C19 /* Main.storyboard */,
				41ED4F3E22AD799300A46C19 /* Assets.xcassets */,
				41ED4F4022AD799300A46C19 /* LaunchScreen.storyboard */,
				41ED4F4322AD799300A46C19 /* Info.plist */,
			);
			path = Points;
			sourceTree = "<group>";
		};
/* End PBXGroup section */

/* Begin PBXNativeTarget section */
		41ED4F3322AD799000A46C19 /* Points */ = {
			isa = PBXNativeTarget;
			buildConfigurationList = 41ED4F4622AD799300A46C19 /* Build configuration list for PBXNativeTarget "Points" */;
			buildPhases = (
				41ED4F3022AD799000A46C19 /* Sources */,
				41ED4F3122AD799000A46C19 /* Frameworks */,
				41ED4F3222AD799000A46C19 /* Resources */,
			);
			buildRules = (
			);
			dependencies = (
			);
			name = Points;
			packageProductDependencies = (
				411DF20F2360565C00A37C64 /* FlowStack */,
			);
			productName = Points;
			productReference = 41ED4F3422AD799000A46C19 /* Points.app */;
			productType = "com.apple.product-type.application";
		};
/* End PBXNativeTarget section */

/* Begin PBXProject section */
		41ED4F2C22AD799000A46C19 /* Project object */ = {
			isa = PBXProject;
			attributes = {
				LastSwiftUpdateCheck = 1020;
				LastUpgradeCheck = 1020;
				ORGANIZATIONNAME = "Alexander Völz";
				TargetAttributes = {
					41ED4F3322AD799000A46C19 = {
						CreatedOnToolsVersion = 10.2.1;
					};
				};
			};
			buildConfigurationList = 41ED4F2F22AD799000A46C19 /* Build configuration list for PBXProject "Points" */;
			compatibilityVersion = "Xcode 9.3";
			developmentRegion = en;
			hasScannedForEncodings = 0;
			knownRegions = (
				en,
				Base,
			);
			mainGroup = 41ED4F2B22AD799000A46C19;
			packageReferences = (
				411DF20E2360565C00A37C64 /* XCRemoteSwiftPackageReference "FlowStack" */,
			);
			productRefGroup = 41ED4F3522AD799000A46C19 /* Products */;
			projectDirPath = "";
			projectRoot = "";
			targets = (
				41ED4F3322AD799000A46C19 /* Points */,
			);
		};
/* End PBXProject section */

/* Begin PBXResourcesBuildPhase section */
		41ED4F3222AD799000A46C19 /* Resources */ = {
			isa = PBXResourcesBuildPhase;
			buildActionMask = 2147483647;
			files = (
				41ED4F4222AD799300A46C19 /* LaunchScreen.storyboard in Resources */,
				41ED4F3F22AD799300A46C19 /* Assets.xcassets in Resources */,
				41ED4F3D22AD799000A46C19 /* Main.storyboard in Resources */,
			);
			runOnlyForDeploymentPostprocessing = 0;
		};
/* End PBXResourcesBuildPhase section */

/* Begin PBXSourcesBuildPhase section */
		41ED4F3022AD799000A46C19 /* Sources */ = {
			isa = PBXSourcesBuildPhase;
			buildActionMask = 2147483647;
			files = (
				411DF1F5235AF79900A37C64 /* HexagonParameters.swift in Sources */,
				415EF2C322AE68E8004658C7 /* History.swift in Sources */,
				415EF2C122AE67C1004658C7 /* GameState.swift in Sources */,
				415EF2B722AD804C004658C7 /* Player.swift in Sources */,
				41A89EB822F9C61F004B0143 /* GameBoardView.swift in Sources */,
				411DF207235C918200A37C64 /* BoardUI.swift in Sources */,
				4180349A22D7884A001C2B17 /* Settings.swift in Sources */,
				41ED4F3A22AD799000A46C19 /* PointsViewController.swift in Sources */,
				4180349522D28323001C2B17 /* PlayerUI.swift in Sources */,
				41A89EB622F9A7A0004B0143 /* Constants.swift in Sources */,
				411DF201235B4F1200A37C64 /* Line.swift in Sources */,
				411DF205235C84B600A37C64 /* PlayerScore.swift in Sources */,
				411DF1F7235AF9F500A37C64 /* Badge.swift in Sources */,
				41ED98A622EF4320000CEFDD /* ScoreButton.swift in Sources */,
				411DF1FB235B0EDB00A37C64 /* BadgeSymbol.swift in Sources */,
				411DF1F32359EAFA00A37C64 /* ScoreBoxUI.swift in Sources */,
				41A89EB122F2D6BC004B0143 /* ScoreBox.swift in Sources */,
				411DF203235B56D400A37C64 /* Box.swift in Sources */,
				41ED4F3822AD799000A46C19 /* AppDelegate.swift in Sources */,
				4180349122D24C61001C2B17 /* GameWorld.swift in Sources */,
				4180349C22DDEC52001C2B17 /* GameScoreArea.swift in Sources */,
				411DF1FD235B12ED00A37C64 /* RotatedBadgeSymbol.swift in Sources */,
				411DF1F9235B0E3B00A37C64 /* BadgeBackground.swift in Sources */,
			);
			runOnlyForDeploymentPostprocessing = 0;
		};
/* End PBXSourcesBuildPhase section */

/* Begin PBXVariantGroup section */
		41ED4F3B22AD799000A46C19 /* Main.storyboard */ = {
			isa = PBXVariantGroup;
			children = (
				41ED4F3C22AD799000A46C19 /* Base */,
			);
			name = Main.storyboard;
			sourceTree = "<group>";
		};
		41ED4F4022AD799300A46C19 /* LaunchScreen.storyboard */ = {
			isa = PBXVariantGroup;
			children = (
				41ED4F4122AD799300A46C19 /* Base */,
			);
			name = LaunchScreen.storyboard;
			sourceTree = "<group>";
		};
/* End PBXVariantGroup section */

/* Begin XCBuildConfiguration section */
		41ED4F4422AD799300A46C19 /* Debug */ = {
			isa = XCBuildConfiguration;
			buildSettings = {
				ALWAYS_SEARCH_USER_PATHS = NO;
				CLANG_ANALYZER_NONNULL = YES;
				CLANG_ANALYZER_NUMBER_OBJECT_CONVERSION = YES_AGGRESSIVE;
				CLANG_CXX_LANGUAGE_STANDARD = "gnu++14";
				CLANG_CXX_LIBRARY = "libc++";
				CLANG_ENABLE_MODULES = YES;
				CLANG_ENABLE_OBJC_ARC = YES;
				CLANG_ENABLE_OBJC_WEAK = YES;
				CLANG_WARN_BLOCK_CAPTURE_AUTORELEASING = YES;
				CLANG_WARN_BOOL_CONVERSION = YES;
				CLANG_WARN_COMMA = YES;
				CLANG_WARN_CONSTANT_CONVERSION = YES;
				CLANG_WARN_DEPRECATED_OBJC_IMPLEMENTATIONS = YES;
				CLANG_WARN_DIRECT_OBJC_ISA_USAGE = YES_ERROR;
				CLANG_WARN_DOCUMENTATION_COMMENTS = YES;
				CLANG_WARN_EMPTY_BODY = YES;
				CLANG_WARN_ENUM_CONVERSION = YES;
				CLANG_WARN_INFINITE_RECURSION = YES;
				CLANG_WARN_INT_CONVERSION = YES;
				CLANG_WARN_NON_LITERAL_NULL_CONVERSION = YES;
				CLANG_WARN_OBJC_IMPLICIT_RETAIN_SELF = YES;
				CLANG_WARN_OBJC_LITERAL_CONVERSION = YES;
				CLANG_WARN_OBJC_ROOT_CLASS = YES_ERROR;
				CLANG_WARN_RANGE_LOOP_ANALYSIS = YES;
				CLANG_WARN_STRICT_PROTOTYPES = YES;
				CLANG_WARN_SUSPICIOUS_MOVE = YES;
				CLANG_WARN_UNGUARDED_AVAILABILITY = YES_AGGRESSIVE;
				CLANG_WARN_UNREACHABLE_CODE = YES;
				CLANG_WARN__DUPLICATE_METHOD_MATCH = YES;
				CODE_SIGN_IDENTITY = "iPhone Developer";
				COPY_PHASE_STRIP = NO;
				DEBUG_INFORMATION_FORMAT = dwarf;
				ENABLE_STRICT_OBJC_MSGSEND = YES;
				ENABLE_TESTABILITY = YES;
				GCC_C_LANGUAGE_STANDARD = gnu11;
				GCC_DYNAMIC_NO_PIC = NO;
				GCC_NO_COMMON_BLOCKS = YES;
				GCC_OPTIMIZATION_LEVEL = 0;
				GCC_PREPROCESSOR_DEFINITIONS = (
					"DEBUG=1",
					"$(inherited)",
				);
				GCC_WARN_64_TO_32_BIT_CONVERSION = YES;
				GCC_WARN_ABOUT_RETURN_TYPE = YES_ERROR;
				GCC_WARN_UNDECLARED_SELECTOR = YES;
				GCC_WARN_UNINITIALIZED_AUTOS = YES_AGGRESSIVE;
				GCC_WARN_UNUSED_FUNCTION = YES;
				GCC_WARN_UNUSED_VARIABLE = YES;
				IPHONEOS_DEPLOYMENT_TARGET = 12.2;
				MTL_ENABLE_DEBUG_INFO = INCLUDE_SOURCE;
				MTL_FAST_MATH = YES;
				ONLY_ACTIVE_ARCH = YES;
				SDKROOT = iphoneos;
				SWIFT_ACTIVE_COMPILATION_CONDITIONS = DEBUG;
				SWIFT_OPTIMIZATION_LEVEL = "-Onone";
			};
			name = Debug;
		};
		41ED4F4522AD799300A46C19 /* Release */ = {
			isa = XCBuildConfiguration;
			buildSettings = {
				ALWAYS_SEARCH_USER_PATHS = NO;
				CLANG_ANALYZER_NONNULL = YES;
				CLANG_ANALYZER_NUMBER_OBJECT_CONVERSION = YES_AGGRESSIVE;
				CLANG_CXX_LANGUAGE_STANDARD = "gnu++14";
				CLANG_CXX_LIBRARY = "libc++";
				CLANG_ENABLE_MODULES = YES;
				CLANG_ENABLE_OBJC_ARC = YES;
				CLANG_ENABLE_OBJC_WEAK = YES;
				CLANG_WARN_BLOCK_CAPTURE_AUTORELEASING = YES;
				CLANG_WARN_BOOL_CONVERSION = YES;
				CLANG_WARN_COMMA = YES;
				CLANG_WARN_CONSTANT_CONVERSION = YES;
				CLANG_WARN_DEPRECATED_OBJC_IMPLEMENTATIONS = YES;
				CLANG_WARN_DIRECT_OBJC_ISA_USAGE = YES_ERROR;
				CLANG_WARN_DOCUMENTATION_COMMENTS = YES;
				CLANG_WARN_EMPTY_BODY = YES;
				CLANG_WARN_ENUM_CONVERSION = YES;
				CLANG_WARN_INFINITE_RECURSION = YES;
				CLANG_WARN_INT_CONVERSION = YES;
				CLANG_WARN_NON_LITERAL_NULL_CONVERSION = YES;
				CLANG_WARN_OBJC_IMPLICIT_RETAIN_SELF = YES;
				CLANG_WARN_OBJC_LITERAL_CONVERSION = YES;
				CLANG_WARN_OBJC_ROOT_CLASS = YES_ERROR;
				CLANG_WARN_RANGE_LOOP_ANALYSIS = YES;
				CLANG_WARN_STRICT_PROTOTYPES = YES;
				CLANG_WARN_SUSPICIOUS_MOVE = YES;
				CLANG_WARN_UNGUARDED_AVAILABILITY = YES_AGGRESSIVE;
				CLANG_WARN_UNREACHABLE_CODE = YES;
				CLANG_WARN__DUPLICATE_METHOD_MATCH = YES;
				CODE_SIGN_IDENTITY = "iPhone Developer";
				COPY_PHASE_STRIP = NO;
				DEBUG_INFORMATION_FORMAT = "dwarf-with-dsym";
				ENABLE_NS_ASSERTIONS = NO;
				ENABLE_STRICT_OBJC_MSGSEND = YES;
				GCC_C_LANGUAGE_STANDARD = gnu11;
				GCC_NO_COMMON_BLOCKS = YES;
				GCC_WARN_64_TO_32_BIT_CONVERSION = YES;
				GCC_WARN_ABOUT_RETURN_TYPE = YES_ERROR;
				GCC_WARN_UNDECLARED_SELECTOR = YES;
				GCC_WARN_UNINITIALIZED_AUTOS = YES_AGGRESSIVE;
				GCC_WARN_UNUSED_FUNCTION = YES;
				GCC_WARN_UNUSED_VARIABLE = YES;
				IPHONEOS_DEPLOYMENT_TARGET = 12.2;
				MTL_ENABLE_DEBUG_INFO = NO;
				MTL_FAST_MATH = YES;
				SDKROOT = iphoneos;
				SWIFT_COMPILATION_MODE = wholemodule;
				SWIFT_OPTIMIZATION_LEVEL = "-O";
				VALIDATE_PRODUCT = YES;
			};
			name = Release;
		};
		41ED4F4722AD799300A46C19 /* Debug */ = {
			isa = XCBuildConfiguration;
			buildSettings = {
				ASSETCATALOG_COMPILER_APPICON_NAME = AppIcon;
				CODE_SIGN_ENTITLEMENTS = Points/Points.entitlements;
				CODE_SIGN_STYLE = Automatic;
				DERIVE_MACCATALYST_PRODUCT_BUNDLE_IDENTIFIER = YES;
				DEVELOPMENT_TEAM = 2NBB26789S;
				INFOPLIST_FILE = Points/Info.plist;
				IPHONEOS_DEPLOYMENT_TARGET = 13.0;
				LD_RUNPATH_SEARCH_PATHS = (
					"$(inherited)",
					"@executable_path/Frameworks",
				);
				PRODUCT_BUNDLE_IDENTIFIER = AV12.Points;
				PRODUCT_NAME = "$(TARGET_NAME)";
				SUPPORTS_MACCATALYST = YES;
				SWIFT_VERSION = 5.0;
				TARGETED_DEVICE_FAMILY = "1,2";
			};
			name = Debug;
		};
		41ED4F4822AD799300A46C19 /* Release */ = {
			isa = XCBuildConfiguration;
			buildSettings = {
				ASSETCATALOG_COMPILER_APPICON_NAME = AppIcon;
				CODE_SIGN_ENTITLEMENTS = Points/Points.entitlements;
				CODE_SIGN_STYLE = Automatic;
				DERIVE_MACCATALYST_PRODUCT_BUNDLE_IDENTIFIER = YES;
				DEVELOPMENT_TEAM = 2NBB26789S;
				INFOPLIST_FILE = Points/Info.plist;
				IPHONEOS_DEPLOYMENT_TARGET = 13.0;
				LD_RUNPATH_SEARCH_PATHS = (
					"$(inherited)",
					"@executable_path/Frameworks",
				);
				PRODUCT_BUNDLE_IDENTIFIER = AV12.Points;
				PRODUCT_NAME = "$(TARGET_NAME)";
				SUPPORTS_MACCATALYST = YES;
				SWIFT_VERSION = 5.0;
				TARGETED_DEVICE_FAMILY = "1,2";
			};
			name = Release;
		};
/* End XCBuildConfiguration section */

/* Begin XCConfigurationList section */
		41ED4F2F22AD799000A46C19 /* Build configuration list for PBXProject "Points" */ = {
			isa = XCConfigurationList;
			buildConfigurations = (
				41ED4F4422AD799300A46C19 /* Debug */,
				41ED4F4522AD799300A46C19 /* Release */,
			);
			defaultConfigurationIsVisible = 0;
			defaultConfigurationName = Release;
		};
		41ED4F4622AD799300A46C19 /* Build configuration list for PBXNativeTarget "Points" */ = {
			isa = XCConfigurationList;
			buildConfigurations = (
				41ED4F4722AD799300A46C19 /* Debug */,
				41ED4F4822AD799300A46C19 /* Release */,
			);
			defaultConfigurationIsVisible = 0;
			defaultConfigurationName = Release;
		};
/* End XCConfigurationList section */

/* Begin XCRemoteSwiftPackageReference section */
		411DF20E2360565C00A37C64 /* XCRemoteSwiftPackageReference "FlowStack" */ = {
			isa = XCRemoteSwiftPackageReference;
			repositoryURL = "git@github.com:johnsusek/FlowStack.git";
			requirement = {
				kind = upToNextMajorVersion;
				minimumVersion = 0.2.3;
			};
		};
/* End XCRemoteSwiftPackageReference section */

/* Begin XCSwiftPackageProductDependency section */
		411DF20F2360565C00A37C64 /* FlowStack */ = {
			isa = XCSwiftPackageProductDependency;
			package = 411DF20E2360565C00A37C64 /* XCRemoteSwiftPackageReference "FlowStack" */;
			productName = FlowStack;
		};
/* End XCSwiftPackageProductDependency section */
	};
	rootObject = 41ED4F2C22AD799000A46C19 /* Project object */;
}
