// !$*UTF8*$!
{
	archiveVersion = 1;
	classes = {
	};
	objectVersion = 50;
	objects = {

/* Begin PBXBuildFile section */
		415EF2B722AD804C004658C7 /* Player.swift in Sources */ = {isa = PBXBuildFile; fileRef = 415EF2B622AD804C004658C7 /* Player.swift */; };
		415EF2B922AD9D60004658C7 /* editSettingsControllerTableViewController.swift in Sources */ = {isa = PBXBuildFile; fileRef = 415EF2B822AD9D60004658C7 /* editSettingsControllerTableViewController.swift */; };
		415EF2C122AE67C1004658C7 /* GameState.swift in Sources */ = {isa = PBXBuildFile; fileRef = 415EF2C022AE67C1004658C7 /* GameState.swift */; };
		41ED4F3822AD799000A46C19 /* AppDelegate.swift in Sources */ = {isa = PBXBuildFile; fileRef = 41ED4F3722AD799000A46C19 /* AppDelegate.swift */; };
		41ED4F3A22AD799000A46C19 /* ViewController.swift in Sources */ = {isa = PBXBuildFile; fileRef = 41ED4F3922AD799000A46C19 /* ViewController.swift */; };
		41ED4F3D22AD799000A46C19 /* Main.storyboard in Resources */ = {isa = PBXBuildFile; fileRef = 41ED4F3B22AD799000A46C19 /* Main.storyboard */; };
		41ED4F3F22AD799300A46C19 /* Assets.xcassets in Resources */ = {isa = PBXBuildFile; fileRef = 41ED4F3E22AD799300A46C19 /* Assets.xcassets */; };
		41ED4F4222AD799300A46C19 /* LaunchScreen.storyboard in Resources */ = {isa = PBXBuildFile; fileRef = 41ED4F4022AD799300A46C19 /* LaunchScreen.storyboard */; };
/* End PBXBuildFile section */

/* Begin PBXFileReference section */
		415EF2B622AD804C004658C7 /* Player.swift */ = {isa = PBXFileReference; lastKnownFileType = sourcecode.swift; path = Player.swift; sourceTree = "<group>"; };
		415EF2B822AD9D60004658C7 /* editSettingsControllerTableViewController.swift */ = {isa = PBXFileReference; lastKnownFileType = sourcecode.swift; path = editSettingsControllerTableViewController.swift; sourceTree = "<group>"; };
		415EF2C022AE67C1004658C7 /* GameState.swift */ = {isa = PBXFileReference; lastKnownFileType = sourcecode.swift; path = GameState.swift; sourceTree = "<group>"; };
		41ED4F3422AD799000A46C19 /* Points.app */ = {isa = PBXFileReference; explicitFileType = wrapper.application; includeInIndex = 0; path = Points.app; sourceTree = BUILT_PRODUCTS_DIR; };
		41ED4F3722AD799000A46C19 /* AppDelegate.swift */ = {isa = PBXFileReference; lastKnownFileType = sourcecode.swift; path = AppDelegate.swift; sourceTree = "<group>"; };
		41ED4F3922AD799000A46C19 /* ViewController.swift */ = {isa = PBXFileReference; lastKnownFileType = sourcecode.swift; path = ViewController.swift; sourceTree = "<group>"; };
		41ED4F3C22AD799000A46C19 /* Base */ = {isa = PBXFileReference; lastKnownFileType = file.storyboard; name = Base; path = Base.lproj/Main.storyboard; sourceTree = "<group>"; };
		41ED4F3E22AD799300A46C19 /* Assets.xcassets */ = {isa = PBXFileReference; lastKnownFileType = folder.assetcatalog; path = Assets.xcassets; sourceTree = "<group>"; };
		41ED4F4122AD799300A46C19 /* Base */ = {isa = PBXFileReference; lastKnownFileType = file.storyboard; name = Base; path = Base.lproj/LaunchScreen.storyboard; sourceTree = "<group>"; };
		41ED4F4322AD799300A46C19 /* Info.plist */ = {isa = PBXFileReference; lastKnownFileType = text.plist.xml; path = Info.plist; sourceTree = "<group>"; };
/* End PBXFileReference section */

/* Begin PBXFrameworksBuildPhase section */
		41ED4F3122AD799000A46C19 /* Frameworks */ = {
			isa = PBXFrameworksBuildPhase;
			buildActionMask = 2147483647;
			files = (
			);
			runOnlyForDeploymentPostprocessing = 0;
		};
/* End PBXFrameworksBuildPhase section */

/* Begin PBXGroup section */
		41ED4F2B22AD799000A46C19 = {
			isa = PBXGroup;
			children = (
				415EF2B822AD9D60004658C7 /* editSettingsControllerTableViewController.swift */,
				415EF2B622AD804C004658C7 /* Player.swift */,
				41ED4F3622AD799000A46C19 /* Points */,
				41ED4F3522AD799000A46C19 /* Products */,
			);
			sourceTree = "<group>";
		};
		41ED4F3522AD799000A46C19 /* Products */ = {
			isa = PBXGroup;
			children = (
				41ED4F3422AD799000A46C19 /* Points.app */,
			);
			name = Products;
			sourceTree = "<group>";
		};
		41ED4F3622AD799000A46C19 /* Points */ = {
			isa = PBXGroup;
			children = (
				415EF2C022AE67C1004658C7 /* GameState.swift */,
				41ED4F3722AD799000A46C19 /* AppDelegate.swift */,
				41ED4F3922AD799000A46C19 /* ViewController.swift */,
				41ED4F3B22AD799000A46C19 /* Main.storyboard */,
				41ED4F3E22AD799300A46C19 /* Assets.xcassets */,
				41ED4F4022AD799300A46C19 /* LaunchScreen.storyboard */,
				41ED4F4322AD799300A46C19 /* Info.plist */,
			);
			path = Points;
			sourceTree = "<group>";
		};
/* End PBXGroup section */

/* Begin PBXNativeTarget section */
		41ED4F3322AD799000A46C19 /* Points */ = {
			isa = PBXNativeTarget;
			buildConfigurationList = 41ED4F4622AD799300A46C19 /* Build configuration list for PBXNativeTarget "Points" */;
			buildPhases = (
				41ED4F3022AD799000A46C19 /* Sources */,
				41ED4F3122AD799000A46C19 /* Frameworks */,
				41ED4F3222AD799000A46C19 /* Resources */,
			);
			buildRules = (
			);
			dependencies = (
			);
			name = Points;
			productName = Points;
			productReference = 41ED4F3422AD799000A46C19 /* Points.app */;
			productType = "com.apple.product-type.application";
		};
/* End PBXNativeTarget section */

/* Begin PBXProject section */
		41ED4F2C22AD799000A46C19 /* Project object */ = {
			isa = PBXProject;
			attributes = {
				LastSwiftUpdateCheck = 1020;
				LastUpgradeCheck = 1020;
				ORGANIZATIONNAME = "Alexander Völz";
				TargetAttributes = {
					41ED4F3322AD799000A46C19 = {
						CreatedOnToolsVersion = 10.2.1;
					};
				};
			};
			buildConfigurationList = 41ED4F2F22AD799000A46C19 /* Build configuration list for PBXProject "Points" */;
			compatibilityVersion = "Xcode 9.3";
			developmentRegion = en;
			hasScannedForEncodings = 0;
			knownRegions = (
				en,
				Base,
			);
			mainGroup = 41ED4F2B22AD799000A46C19;
			productRefGroup = 41ED4F3522AD799000A46C19 /* Products */;
			projectDirPath = "";
			projectRoot = "";
			targets = (
				41ED4F3322AD799000A46C19 /* Points */,
			);
		};
/* End PBXProject section */

/* Begin PBXResourcesBuildPhase section */
		41ED4F3222AD799000A46C19 /* Resources */ = {
			isa = PBXResourcesBuildPhase;
			buildActionMask = 2147483647;
			files = (
				41ED4F4222AD799300A46C19 /* LaunchScreen.storyboard in Resources */,
				41ED4F3F22AD799300A46C19 /* Assets.xcassets in Resources */,
				41ED4F3D22AD799000A46C19 /* Main.storyboard in Resources */,
			);
			runOnlyForDeploymentPostprocessing = 0;
		};
/* End PBXResourcesBuildPhase section */

/* Begin PBXSourcesBuildPhase section */
		41ED4F3022AD799000A46C19 /* Sources */ = {
			isa = PBXSourcesBuildPhase;
			buildActionMask = 2147483647;
			files = (
				415EF2C122AE67C1004658C7 /* GameState.swift in Sources */,
				415EF2B922AD9D60004658C7 /* editSettingsControllerTableViewController.swift in Sources */,
				415EF2B722AD804C004658C7 /* Player.swift in Sources */,
				41ED4F3A22AD799000A46C19 /* ViewController.swift in Sources */,
				41ED4F3822AD799000A46C19 /* AppDelegate.swift in Sources */,
			);
			runOnlyForDeploymentPostprocessing = 0;
		};
/* End PBXSourcesBuildPhase section */

/* Begin PBXVariantGroup section */
		41ED4F3B22AD799000A46C19 /* Main.storyboard */ = {
			isa = PBXVariantGroup;
			children = (
				41ED4F3C22AD799000A46C19 /* Base */,
			);
			name = Main.storyboard;
			sourceTree = "<group>";
		};
		41ED4F4022AD799300A46C19 /* LaunchScreen.storyboard */ = {
			isa = PBXVariantGroup;
			children = (
				41ED4F4122AD799300A46C19 /* Base */,
			);
			name = LaunchScreen.storyboard;
			sourceTree = "<group>";
		};
/* End PBXVariantGroup section */

/* Begin XCBuildConfiguration section */
		41ED4F4422AD799300A46C19 /* Debug */ = {
			isa = XCBuildConfiguration;
			buildSettings = {
				ALWAYS_SEARCH_USER_PATHS = NO;
				CLANG_ANALYZER_NONNULL = YES;
				CLANG_ANALYZER_NUMBER_OBJECT_CONVERSION = YES_AGGRESSIVE;
				CLANG_CXX_LANGUAGE_STANDARD = "gnu++14";
				CLANG_CXX_LIBRARY = "libc++";
				CLANG_ENABLE_MODULES = YES;
				CLANG_ENABLE_OBJC_ARC = YES;
				CLANG_ENABLE_OBJC_WEAK = YES;
				CLANG_WARN_BLOCK_CAPTURE_AUTORELEASING = YES;
				CLANG_WARN_BOOL_CONVERSION = YES;
				CLANG_WARN_COMMA = YES;
				CLANG_WARN_CONSTANT_CONVERSION = YES;
				CLANG_WARN_DEPRECATED_OBJC_IMPLEMENTATIONS = YES;
				CLANG_WARN_DIRECT_OBJC_ISA_USAGE = YES_ERROR;
				CLANG_WARN_DOCUMENTATION_COMMENTS = YES;
				CLANG_WARN_EMPTY_BODY = YES;
				CLANG_WARN_ENUM_CONVERSION = YES;
				CLANG_WARN_INFINITE_RECURSION = YES;
				CLANG_WARN_INT_CONVERSION = YES;
				CLANG_WARN_NON_LITERAL_NULL_CONVERSION = YES;
				CLANG_WARN_OBJC_IMPLICIT_RETAIN_SELF = YES;
				CLANG_WARN_OBJC_LITERAL_CONVERSION = YES;
				CLANG_WARN_OBJC_ROOT_CLASS = YES_ERROR;
				CLANG_WARN_RANGE_LOOP_ANALYSIS = YES;
				CLANG_WARN_STRICT_PROTOTYPES = YES;
				CLANG_WARN_SUSPICIOUS_MOVE = YES;
				CLANG_WARN_UNGUARDED_AVAILABILITY = YES_AGGRESSIVE;
				CLANG_WARN_UNREACHABLE_CODE = YES;
				CLANG_WARN__DUPLICATE_METHOD_MATCH = YES;
				CODE_SIGN_IDENTITY = "iPhone Developer";
				COPY_PHASE_STRIP = NO;
				DEBUG_INFORMATION_FORMAT = dwarf;
				ENABLE_STRICT_OBJC_MSGSEND = YES;
				ENABLE_TESTABILITY = YES;
				GCC_C_LANGUAGE_STANDARD = gnu11;
				GCC_DYNAMIC_NO_PIC = NO;
				GCC_NO_COMMON_BLOCKS = YES;
				GCC_OPTIMIZATION_LEVEL = 0;
				GCC_PREPROCESSOR_DEFINITIONS = (
					"DEBUG=1",
					"$(inherited)",
				);
				GCC_WARN_64_TO_32_BIT_CONVERSION = YES;
				GCC_WARN_ABOUT_RETURN_TYPE = YES_ERROR;
				GCC_WARN_UNDECLARED_SELECTOR = YES;
				GCC_WARN_UNINITIALIZED_AUTOS = YES_AGGRESSIVE;
				GCC_WARN_UNUSED_FUNCTION = YES;
				GCC_WARN_UNUSED_VARIABLE = YES;
				IPHONEOS_DEPLOYMENT_TARGET = 12.2;
				MTL_ENABLE_DEBUG_INFO = INCLUDE_SOURCE;
				MTL_FAST_MATH = YES;
				ONLY_ACTIVE_ARCH = YES;
				SDKROOT = iphoneos;
				SWIFT_ACTIVE_COMPILATION_CONDITIONS = DEBUG;
				SWIFT_OPTIMIZATION_LEVEL = "-Onone";
			};
			name = Debug;
		};
		41ED4F4522AD799300A46C19 /* Release */ = {
			isa = XCBuildConfiguration;
			buildSettings = {
				ALWAYS_SEARCH_USER_PATHS = NO;
				CLANG_ANALYZER_NONNULL = YES;
				CLANG_ANALYZER_NUMBER_OBJECT_CONVERSION = YES_AGGRESSIVE;
				CLANG_CXX_LANGUAGE_STANDARD = "gnu++14";
				CLANG_CXX_LIBRARY = "libc++";
				CLANG_ENABLE_MODULES = YES;
				CLANG_ENABLE_OBJC_ARC = YES;
				CLANG_ENABLE_OBJC_WEAK = YES;
				CLANG_WARN_BLOCK_CAPTURE_AUTORELEASING = YES;
				CLANG_WARN_BOOL_CONVERSION = YES;
				CLANG_WARN_COMMA = YES;
				CLANG_WARN_CONSTANT_CONVERSION = YES;
				CLANG_WARN_DEPRECATED_OBJC_IMPLEMENTATIONS = YES;
				CLANG_WARN_DIRECT_OBJC_ISA_USAGE = YES_ERROR;
				CLANG_WARN_DOCUMENTATION_COMMENTS = YES;
				CLANG_WARN_EMPTY_BODY = YES;
				CLANG_WARN_ENUM_CONVERSION = YES;
				CLANG_WARN_INFINITE_RECURSION = YES;
				CLANG_WARN_INT_CONVERSION = YES;
				CLANG_WARN_NON_LITERAL_NULL_CONVERSION = YES;
				CLANG_WARN_OBJC_IMPLICIT_RETAIN_SELF = YES;
				CLANG_WARN_OBJC_LITERAL_CONVERSION = YES;
				CLANG_WARN_OBJC_ROOT_CLASS = YES_ERROR;
				CLANG_WARN_RANGE_LOOP_ANALYSIS = YES;
				CLANG_WARN_STRICT_PROTOTYPES = YES;
				CLANG_WARN_SUSPICIOUS_MOVE = YES;
				CLANG_WARN_UNGUARDED_AVAILABILITY = YES_AGGRESSIVE;
				CLANG_WARN_UNREACHABLE_CODE = YES;
				CLANG_WARN__DUPLICATE_METHOD_MATCH = YES;
				CODE_SIGN_IDENTITY = "iPhone Developer";
				COPY_PHASE_STRIP = NO;
				DEBUG_INFORMATION_FORMAT = "dwarf-with-dsym";
				ENABLE_NS_ASSERTIONS = NO;
				ENABLE_STRICT_OBJC_MSGSEND = YES;
				GCC_C_LANGUAGE_STANDARD = gnu11;
				GCC_NO_COMMON_BLOCKS = YES;
				GCC_WARN_64_TO_32_BIT_CONVERSION = YES;
				GCC_WARN_ABOUT_RETURN_TYPE = YES_ERROR;
				GCC_WARN_UNDECLARED_SELECTOR = YES;
				GCC_WARN_UNINITIALIZED_AUTOS = YES_AGGRESSIVE;
				GCC_WARN_UNUSED_FUNCTION = YES;
				GCC_WARN_UNUSED_VARIABLE = YES;
				IPHONEOS_DEPLOYMENT_TARGET = 12.2;
				MTL_ENABLE_DEBUG_INFO = NO;
				MTL_FAST_MATH = YES;
				SDKROOT = iphoneos;
				SWIFT_COMPILATION_MODE = wholemodule;
				SWIFT_OPTIMIZATION_LEVEL = "-O";
				VALIDATE_PRODUCT = YES;
			};
			name = Release;
		};
		41ED4F4722AD799300A46C19 /* Debug */ = {
			isa = XCBuildConfiguration;
			buildSettings = {
				ASSETCATALOG_COMPILER_APPICON_NAME = AppIcon;
				CODE_SIGN_STYLE = Automatic;
				DEVELOPMENT_TEAM = 2NBB26789S;
				INFOPLIST_FILE = Points/Info.plist;
				LD_RUNPATH_SEARCH_PATHS = (
					"$(inherited)",
					"@executable_path/Frameworks",
				);
				PRODUCT_BUNDLE_IDENTIFIER = AV12.Points;
				PRODUCT_NAME = "$(TARGET_NAME)";
				SWIFT_VERSION = 5.0;
				TARGETED_DEVICE_FAMILY = "1,2";
			};
			name = Debug;
		};
		41ED4F4822AD799300A46C19 /* Release */ = {
			isa = XCBuildConfiguration;
			buildSettings = {
				ASSETCATALOG_COMPILER_APPICON_NAME = AppIcon;
				CODE_SIGN_STYLE = Automatic;
				DEVELOPMENT_TEAM = 2NBB26789S;
				INFOPLIST_FILE = Points/Info.plist;
				LD_RUNPATH_SEARCH_PATHS = (
					"$(inherited)",
					"@executable_path/Frameworks",
				);
				PRODUCT_BUNDLE_IDENTIFIER = AV12.Points;
				PRODUCT_NAME = "$(TARGET_NAME)";
				SWIFT_VERSION = 5.0;
				TARGETED_DEVICE_FAMILY = "1,2";
			};
			name = Release;
		};
/* End XCBuildConfiguration section */

/* Begin XCConfigurationList section */
		41ED4F2F22AD799000A46C19 /* Build configuration list for PBXProject "Points" */ = {
			isa = XCConfigurationList;
			buildConfigurations = (
				41ED4F4422AD799300A46C19 /* Debug */,
				41ED4F4522AD799300A46C19 /* Release */,
			);
			defaultConfigurationIsVisible = 0;
			defaultConfigurationName = Release;
		};
		41ED4F4622AD799300A46C19 /* Build configuration list for PBXNativeTarget "Points" */ = {
			isa = XCConfigurationList;
			buildConfigurations = (
				41ED4F4722AD799300A46C19 /* Debug */,
				41ED4F4822AD799300A46C19 /* Release */,
			);
			defaultConfigurationIsVisible = 0;
			defaultConfigurationName = Release;
		};
/* End XCConfigurationList section */
	};
	rootObject = 41ED4F2C22AD799000A46C19 /* Project object */;
}
