// !$*UTF8*$!
{
	archiveVersion = 1;
	classes = {
	};
	objectVersion = 50;
	objects = {

/* Begin PBXBuildFile section */
		4103BFF7252F6B9F00043ACE /* ButtonScoreView.swift in Sources */ = {isa = PBXBuildFile; fileRef = 4103BFF6252F6B9F00043ACE /* ButtonScoreView.swift */; };
		4103BFFB252F8F7B00043ACE /* BufferView.swift in Sources */ = {isa = PBXBuildFile; fileRef = 4103BFFA252F8F7B00043ACE /* BufferView.swift */; };
		41054157256EAE22001E60CA /* GameState.swift in Sources */ = {isa = PBXBuildFile; fileRef = 41054156256EAE22001E60CA /* GameState.swift */; };
		410CA6692532569100D92A29 /* EditPlayerNames.swift in Sources */ = {isa = PBXBuildFile; fileRef = 410CA6682532569100D92A29 /* EditPlayerNames.swift */; };
		411DF22123607CD100A37C64 /* MainGameView.swift in Sources */ = {isa = PBXBuildFile; fileRef = 411DF22023607CD100A37C64 /* MainGameView.swift */; };
		411DF22323607CDA00A37C64 /* Assets.xcassets in Resources */ = {isa = PBXBuildFile; fileRef = 411DF22223607CDA00A37C64 /* Assets.xcassets */; };
		411DF22623607CDA00A37C64 /* Preview Assets.xcassets in Resources */ = {isa = PBXBuildFile; fileRef = 411DF22523607CDA00A37C64 /* Preview Assets.xcassets */; };
		411DF22923607CDA00A37C64 /* LaunchScreen.storyboard in Resources */ = {isa = PBXBuildFile; fileRef = 411DF22723607CDA00A37C64 /* LaunchScreen.storyboard */; };
		411DF2302360824900A37C64 /* BoardUI.swift in Sources */ = {isa = PBXBuildFile; fileRef = 411DF206235C918200A37C64 /* BoardUI.swift */; };
		411DF2312360824900A37C64 /* PlayerView.swift in Sources */ = {isa = PBXBuildFile; fileRef = 411DF204235C84B600A37C64 /* PlayerView.swift */; };
		411DF2322360824900A37C64 /* BoxesScoreView.swift in Sources */ = {isa = PBXBuildFile; fileRef = 411DF1F22359EAFA00A37C64 /* BoxesScoreView.swift */; };
		4125D14624D59DD700D00BA9 /* Box.swift in Sources */ = {isa = PBXBuildFile; fileRef = 411DF202235B56D400A37C64 /* Box.swift */; };
		412EF8E525BF20DD003FDB7E /* HistoryControlsTestView.swift in Sources */ = {isa = PBXBuildFile; fileRef = 412EF8E425BF20DD003FDB7E /* HistoryControlsTestView.swift */; };
		4135AE8825DE9C4700EF61FF /* GridTests.swift in Sources */ = {isa = PBXBuildFile; fileRef = 4135AE8725DE9C4500EF61FF /* GridTests.swift */; };
		4139A3EF25238BF5006E713B /* ScoreRepresentationView.swift in Sources */ = {isa = PBXBuildFile; fileRef = 4139A3EE25238BF5006E713B /* ScoreRepresentationView.swift */; };
		4139A3F225238EDC006E713B /* MatchesScoreView.swift in Sources */ = {isa = PBXBuildFile; fileRef = 4139A3F125238EDC006E713B /* MatchesScoreView.swift */; };
		4139A3F725239133006E713B /* SelectionScoreView.swift in Sources */ = {isa = PBXBuildFile; fileRef = 4139A3F625239133006E713B /* SelectionScoreView.swift */; };
		41442D6525CC586300515899 /* GeoEffectTest.swift in Sources */ = {isa = PBXBuildFile; fileRef = 41442D6425CC586300515899 /* GeoEffectTest.swift */; };
		414CC4C72569C62E00B5C10D /* EdgeShapeSamples.swift in Sources */ = {isa = PBXBuildFile; fileRef = 414CC4C62569C62E00B5C10D /* EdgeShapeSamples.swift */; };
		41648E64258D1E340070FB42 /* MenuBar.swift in Sources */ = {isa = PBXBuildFile; fileRef = 41648E63258D1E340070FB42 /* MenuBar.swift */; };
		41648E6C258FE5560070FB42 /* HistoryControlView.swift in Sources */ = {isa = PBXBuildFile; fileRef = 41648E6B258FE5560070FB42 /* HistoryControlView.swift */; };
		4168CE2524AF922000DACD62 /* InfoView.swift in Sources */ = {isa = PBXBuildFile; fileRef = 4168CE2424AF922000DACD62 /* InfoView.swift */; };
		4168CE2724AF925800DACD62 /* GameSettings.swift in Sources */ = {isa = PBXBuildFile; fileRef = 4168CE2624AF925800DACD62 /* GameSettings.swift */; };
		4168CE2924B3899D00DACD62 /* PointsUIApp.swift in Sources */ = {isa = PBXBuildFile; fileRef = 4168CE2824B3899D00DACD62 /* PointsUIApp.swift */; };
		41694CDF258AC1A000E8DB8C /* CountdownView.swift in Sources */ = {isa = PBXBuildFile; fileRef = 41694CDE258AC1A000E8DB8C /* CountdownView.swift */; };
		416E83E424F9843200609A87 /* ScoreHistoryView.swift in Sources */ = {isa = PBXBuildFile; fileRef = 416E83E324F9843200609A87 /* ScoreHistoryView.swift */; };
		416F37972442AB1A00D9D55B /* EdgeShape.swift in Sources */ = {isa = PBXBuildFile; fileRef = 416F37962442AB1A00D9D55B /* EdgeShape.swift */; };
		4173575C24A3EA47002C10B2 /* ViewBuilder.swift in Sources */ = {isa = PBXBuildFile; fileRef = 4173575B24A3EA47002C10B2 /* ViewBuilder.swift */; };
		4173575E24A4B676002C10B2 /* Score.swift in Sources */ = {isa = PBXBuildFile; fileRef = 4173575D24A4B676002C10B2 /* Score.swift */; };
		4173576624A509D6002C10B2 /* SettingsView.swift in Sources */ = {isa = PBXBuildFile; fileRef = 4173576524A509D6002C10B2 /* SettingsView.swift */; };
		4180CC9E25C850CC009B0A42 /* HistoryTestView.swift in Sources */ = {isa = PBXBuildFile; fileRef = 4180CC9D25C850CC009B0A42 /* HistoryTestView.swift */; };
		418D8B8624AE19F7008A4A3E /* PlayerWon.swift in Sources */ = {isa = PBXBuildFile; fileRef = 418D8B8524AE19F7008A4A3E /* PlayerWon.swift */; };
		4194BF1B24A29209007CDBA1 /* TitleView.swift in Sources */ = {isa = PBXBuildFile; fileRef = 4194BF1A24A29209007CDBA1 /* TitleView.swift */; };
		4196485524D2CF09002FD363 /* ContentView.swift in Sources */ = {isa = PBXBuildFile; fileRef = 4196485424D2CF09002FD363 /* ContentView.swift */; };
		41ABA24A25C468FC0074A862 /* DebugView.swift in Sources */ = {isa = PBXBuildFile; fileRef = 41ABA24925C468FC0074A862 /* DebugView.swift */; };
		41DB1E1523E5C8B800E17CC8 /* Players.swift in Sources */ = {isa = PBXBuildFile; fileRef = 41DB1E1423E5C8B800E17CC8 /* Players.swift */; };
		41DB1E1923E5C8F100E17CC8 /* History.swift in Sources */ = {isa = PBXBuildFile; fileRef = 41DB1E1823E5C8F100E17CC8 /* History.swift */; };
		41DFDF5D252E2C550068F129 /* MatchView.swift in Sources */ = {isa = PBXBuildFile; fileRef = 41DFDF5C252E2C550068F129 /* MatchView.swift */; };
		41E11F2525C5DD9E00E7B4F6 /* CellData.swift in Sources */ = {isa = PBXBuildFile; fileRef = 41E11F2425C5DD9E00E7B4F6 /* CellData.swift */; };
		41E11F2825C5DDFC00E7B4F6 /* ScoreRowData.swift in Sources */ = {isa = PBXBuildFile; fileRef = 41E11F2725C5DDFC00E7B4F6 /* ScoreRowData.swift */; };
		41E11F2B25C5E54700E7B4F6 /* HistoryScoresTable.swift in Sources */ = {isa = PBXBuildFile; fileRef = 41E11F2A25C5E54700E7B4F6 /* HistoryScoresTable.swift */; };
		41E2E3A625D1ABD000005043 /* HistoryView.swift in Sources */ = {isa = PBXBuildFile; fileRef = 41E2E3A525D1AB4200005043 /* HistoryView.swift */; };
		41E709D6257B0F4000DC959E /* CoordinateSampleView.swift in Sources */ = {isa = PBXBuildFile; fileRef = 41E709D5257B0F4000DC959E /* CoordinateSampleView.swift */; };
		41EC900024E8240100038F5C /* Rule.swift in Sources */ = {isa = PBXBuildFile; fileRef = 41EC8FFF24E8240100038F5C /* Rule.swift */; };
		41EC900224EE7D9900038F5C /* Pickers.swift in Sources */ = {isa = PBXBuildFile; fileRef = 41EC900124EE7D9900038F5C /* Pickers.swift */; };
		41F114A9236A073F00C6314D /* GlobalSettings.swift in Sources */ = {isa = PBXBuildFile; fileRef = 41F114A8236A073F00C6314D /* GlobalSettings.swift */; };
/* End PBXBuildFile section */

/* Begin PBXCopyFilesBuildPhase section */
		41C12BDE24CB1D4A0043EEE1 /* Embed App Extensions */ = {
			isa = PBXCopyFilesBuildPhase;
			buildActionMask = 2147483647;
			dstPath = "";
			dstSubfolderSpec = 13;
			files = (
			);
			name = "Embed App Extensions";
			runOnlyForDeploymentPostprocessing = 0;
		};
/* End PBXCopyFilesBuildPhase section */

/* Begin PBXFileReference section */
		4103BFF6252F6B9F00043ACE /* ButtonScoreView.swift */ = {isa = PBXFileReference; lastKnownFileType = sourcecode.swift; path = ButtonScoreView.swift; sourceTree = "<group>"; };
		4103BFFA252F8F7B00043ACE /* BufferView.swift */ = {isa = PBXFileReference; lastKnownFileType = sourcecode.swift; path = BufferView.swift; sourceTree = "<group>"; };
		41054156256EAE22001E60CA /* GameState.swift */ = {isa = PBXFileReference; fileEncoding = 4; lastKnownFileType = sourcecode.swift; path = GameState.swift; sourceTree = "<group>"; };
		410CA6682532569100D92A29 /* EditPlayerNames.swift */ = {isa = PBXFileReference; lastKnownFileType = sourcecode.swift; path = EditPlayerNames.swift; sourceTree = "<group>"; };
		411DF1F22359EAFA00A37C64 /* BoxesScoreView.swift */ = {isa = PBXFileReference; lastKnownFileType = sourcecode.swift; path = BoxesScoreView.swift; sourceTree = "<group>"; };
		411DF202235B56D400A37C64 /* Box.swift */ = {isa = PBXFileReference; lastKnownFileType = sourcecode.swift; path = Box.swift; sourceTree = "<group>"; };
		411DF204235C84B600A37C64 /* PlayerView.swift */ = {isa = PBXFileReference; lastKnownFileType = sourcecode.swift; path = PlayerView.swift; sourceTree = "<group>"; };
		411DF206235C918200A37C64 /* BoardUI.swift */ = {isa = PBXFileReference; lastKnownFileType = sourcecode.swift; path = BoardUI.swift; sourceTree = "<group>"; };
		411DF21A23607CD100A37C64 /* PointsUI.app */ = {isa = PBXFileReference; explicitFileType = wrapper.application; includeInIndex = 0; path = PointsUI.app; sourceTree = BUILT_PRODUCTS_DIR; };
		411DF22023607CD100A37C64 /* MainGameView.swift */ = {isa = PBXFileReference; lastKnownFileType = sourcecode.swift; path = MainGameView.swift; sourceTree = "<group>"; };
		411DF22223607CDA00A37C64 /* Assets.xcassets */ = {isa = PBXFileReference; lastKnownFileType = folder.assetcatalog; path = Assets.xcassets; sourceTree = "<group>"; };
		411DF22523607CDA00A37C64 /* Preview Assets.xcassets */ = {isa = PBXFileReference; lastKnownFileType = folder.assetcatalog; path = "Preview Assets.xcassets"; sourceTree = "<group>"; };
		411DF22823607CDA00A37C64 /* Base */ = {isa = PBXFileReference; lastKnownFileType = file.storyboard; name = Base; path = Base.lproj/LaunchScreen.storyboard; sourceTree = "<group>"; };
		411DF22A23607CDA00A37C64 /* Info.plist */ = {isa = PBXFileReference; lastKnownFileType = text.plist.xml; path = Info.plist; sourceTree = "<group>"; };
		411DF22E23607CF000A37C64 /* PointsUI.entitlements */ = {isa = PBXFileReference; lastKnownFileType = text.plist.entitlements; path = PointsUI.entitlements; sourceTree = "<group>"; };
		412EF8E425BF20DD003FDB7E /* HistoryControlsTestView.swift */ = {isa = PBXFileReference; lastKnownFileType = sourcecode.swift; path = HistoryControlsTestView.swift; sourceTree = "<group>"; };
		4135AE8725DE9C4500EF61FF /* GridTests.swift */ = {isa = PBXFileReference; lastKnownFileType = sourcecode.swift; path = GridTests.swift; sourceTree = "<group>"; };
		4139A3EE25238BF5006E713B /* ScoreRepresentationView.swift */ = {isa = PBXFileReference; lastKnownFileType = sourcecode.swift; path = ScoreRepresentationView.swift; sourceTree = "<group>"; };
		4139A3F125238EDC006E713B /* MatchesScoreView.swift */ = {isa = PBXFileReference; lastKnownFileType = sourcecode.swift; path = MatchesScoreView.swift; sourceTree = "<group>"; };
		4139A3F625239133006E713B /* SelectionScoreView.swift */ = {isa = PBXFileReference; lastKnownFileType = sourcecode.swift; path = SelectionScoreView.swift; sourceTree = "<group>"; };
		41442D6425CC586300515899 /* GeoEffectTest.swift */ = {isa = PBXFileReference; lastKnownFileType = sourcecode.swift; path = GeoEffectTest.swift; sourceTree = "<group>"; };
		414CC4C62569C62E00B5C10D /* EdgeShapeSamples.swift */ = {isa = PBXFileReference; lastKnownFileType = sourcecode.swift; name = EdgeShapeSamples.swift; path = PointsUI/Views/TestViews/EdgeShapeSamples.swift; sourceTree = SOURCE_ROOT; };
		415ED59A25E2F7360063D8C0 /* PointsUI copy-Info.plist */ = {isa = PBXFileReference; lastKnownFileType = text.plist.xml; name = "PointsUI copy-Info.plist"; path = "/Users/de152951/Library/Mobile Documents/com~apple~CloudDocs/Documents/Developer/Points/PointsUI copy-Info.plist"; sourceTree = "<absolute>"; };
		41648E63258D1E340070FB42 /* MenuBar.swift */ = {isa = PBXFileReference; lastKnownFileType = sourcecode.swift; name = MenuBar.swift; path = PointsUI/MenuBar.swift; sourceTree = SOURCE_ROOT; };
		41648E6B258FE5560070FB42 /* HistoryControlView.swift */ = {isa = PBXFileReference; lastKnownFileType = sourcecode.swift; name = HistoryControlView.swift; path = PointsUI/Views/TestViews/HistoryControlView.swift; sourceTree = SOURCE_ROOT; };
		4168CE2424AF922000DACD62 /* InfoView.swift */ = {isa = PBXFileReference; lastKnownFileType = sourcecode.swift; path = InfoView.swift; sourceTree = "<group>"; };
		4168CE2624AF925800DACD62 /* GameSettings.swift */ = {isa = PBXFileReference; lastKnownFileType = sourcecode.swift; path = GameSettings.swift; sourceTree = "<group>"; };
		4168CE2824B3899D00DACD62 /* PointsUIApp.swift */ = {isa = PBXFileReference; lastKnownFileType = sourcecode.swift; path = PointsUIApp.swift; sourceTree = "<group>"; };
		41694CDE258AC1A000E8DB8C /* CountdownView.swift */ = {isa = PBXFileReference; lastKnownFileType = sourcecode.swift; path = CountdownView.swift; sourceTree = "<group>"; };
		416E83E324F9843200609A87 /* ScoreHistoryView.swift */ = {isa = PBXFileReference; lastKnownFileType = sourcecode.swift; path = ScoreHistoryView.swift; sourceTree = "<group>"; };
		416F37962442AB1A00D9D55B /* EdgeShape.swift */ = {isa = PBXFileReference; lastKnownFileType = sourcecode.swift; path = EdgeShape.swift; sourceTree = "<group>"; };
		4173575B24A3EA47002C10B2 /* ViewBuilder.swift */ = {isa = PBXFileReference; fileEncoding = 4; lastKnownFileType = sourcecode.swift; path = ViewBuilder.swift; sourceTree = "<group>"; };
		4173575D24A4B676002C10B2 /* Score.swift */ = {isa = PBXFileReference; lastKnownFileType = sourcecode.swift; path = Score.swift; sourceTree = "<group>"; };
		4173576524A509D6002C10B2 /* SettingsView.swift */ = {isa = PBXFileReference; lastKnownFileType = sourcecode.swift; path = SettingsView.swift; sourceTree = "<group>"; };
		4180CC9D25C850CC009B0A42 /* HistoryTestView.swift */ = {isa = PBXFileReference; lastKnownFileType = sourcecode.swift; path = HistoryTestView.swift; sourceTree = "<group>"; };
		418D8B8524AE19F7008A4A3E /* PlayerWon.swift */ = {isa = PBXFileReference; lastKnownFileType = sourcecode.swift; name = PlayerWon.swift; path = ../PlayerWon.swift; sourceTree = "<group>"; };
		4194BF1A24A29209007CDBA1 /* TitleView.swift */ = {isa = PBXFileReference; lastKnownFileType = sourcecode.swift; path = TitleView.swift; sourceTree = "<group>"; };
		4196485424D2CF09002FD363 /* ContentView.swift */ = {isa = PBXFileReference; lastKnownFileType = sourcecode.swift; path = ContentView.swift; sourceTree = "<group>"; };
		41ABA24925C468FC0074A862 /* DebugView.swift */ = {isa = PBXFileReference; lastKnownFileType = sourcecode.swift; path = DebugView.swift; sourceTree = "<group>"; };
		41C12BCE24CB1D460043EEE1 /* WidgetKit.framework */ = {isa = PBXFileReference; lastKnownFileType = wrapper.framework; name = WidgetKit.framework; path = System/Library/Frameworks/WidgetKit.framework; sourceTree = SDKROOT; };
		41C12BD024CB1D460043EEE1 /* SwiftUI.framework */ = {isa = PBXFileReference; lastKnownFileType = wrapper.framework; name = SwiftUI.framework; path = System/Library/Frameworks/SwiftUI.framework; sourceTree = SDKROOT; };
		41DB1E1423E5C8B800E17CC8 /* Players.swift */ = {isa = PBXFileReference; lastKnownFileType = sourcecode.swift; path = Players.swift; sourceTree = "<group>"; };
		41DB1E1823E5C8F100E17CC8 /* History.swift */ = {isa = PBXFileReference; lastKnownFileType = sourcecode.swift; path = History.swift; sourceTree = "<group>"; };
		41DFDF5C252E2C550068F129 /* MatchView.swift */ = {isa = PBXFileReference; lastKnownFileType = sourcecode.swift; path = MatchView.swift; sourceTree = "<group>"; };
		41E11F2425C5DD9E00E7B4F6 /* CellData.swift */ = {isa = PBXFileReference; lastKnownFileType = sourcecode.swift; path = CellData.swift; sourceTree = "<group>"; };
		41E11F2725C5DDFC00E7B4F6 /* ScoreRowData.swift */ = {isa = PBXFileReference; lastKnownFileType = sourcecode.swift; path = ScoreRowData.swift; sourceTree = "<group>"; };
		41E11F2A25C5E54700E7B4F6 /* HistoryScoresTable.swift */ = {isa = PBXFileReference; lastKnownFileType = sourcecode.swift; path = HistoryScoresTable.swift; sourceTree = "<group>"; };
		41E2E3A525D1AB4200005043 /* HistoryView.swift */ = {isa = PBXFileReference; lastKnownFileType = sourcecode.swift; path = HistoryView.swift; sourceTree = "<group>"; };
		41E709D5257B0F4000DC959E /* CoordinateSampleView.swift */ = {isa = PBXFileReference; lastKnownFileType = sourcecode.swift; name = CoordinateSampleView.swift; path = PointsUI/Views/TestViews/CoordinateSampleView.swift; sourceTree = SOURCE_ROOT; };
		41EC8FFF24E8240100038F5C /* Rule.swift */ = {isa = PBXFileReference; lastKnownFileType = sourcecode.swift; path = Rule.swift; sourceTree = "<group>"; };
		41EC900124EE7D9900038F5C /* Pickers.swift */ = {isa = PBXFileReference; lastKnownFileType = sourcecode.swift; path = Pickers.swift; sourceTree = "<group>"; };
		41F114A8236A073F00C6314D /* GlobalSettings.swift */ = {isa = PBXFileReference; lastKnownFileType = sourcecode.swift; path = GlobalSettings.swift; sourceTree = "<group>"; };
/* End PBXFileReference section */

/* Begin PBXFrameworksBuildPhase section */
		411DF21723607CD100A37C64 /* Frameworks */ = {
			isa = PBXFrameworksBuildPhase;
			buildActionMask = 2147483647;
			files = (
			);
			runOnlyForDeploymentPostprocessing = 0;
		};
/* End PBXFrameworksBuildPhase section */

/* Begin PBXGroup section */
		41054155256EAE22001E60CA /* Models */ = {
			isa = PBXGroup;
			children = (
				4168CE2624AF925800DACD62 /* GameSettings.swift */,
				41054156256EAE22001E60CA /* GameState.swift */,
				41EC8FFF24E8240100038F5C /* Rule.swift */,
				41F114A8236A073F00C6314D /* GlobalSettings.swift */,
				41DB1E1423E5C8B800E17CC8 /* Players.swift */,
				41E11F2725C5DDFC00E7B4F6 /* ScoreRowData.swift */,
				41DB1E1823E5C8F100E17CC8 /* History.swift */,
				41E11F2A25C5E54700E7B4F6 /* HistoryScoresTable.swift */,
				41E11F2425C5DD9E00E7B4F6 /* CellData.swift */,
				4173575D24A4B676002C10B2 /* Score.swift */,
			);
			path = Models;
			sourceTree = "<group>";
		};
		4105415A256EAE83001E60CA /* SubViews */ = {
			isa = PBXGroup;
			children = (
				41648E63258D1E340070FB42 /* MenuBar.swift */,
				41694CDE258AC1A000E8DB8C /* CountdownView.swift */,
				41DFDF5C252E2C550068F129 /* MatchView.swift */,
				410CA6682532569100D92A29 /* EditPlayerNames.swift */,
				41EC900124EE7D9900038F5C /* Pickers.swift */,
				4194BF1A24A29209007CDBA1 /* TitleView.swift */,
				416F37962442AB1A00D9D55B /* EdgeShape.swift */,
				411DF202235B56D400A37C64 /* Box.swift */,
				4103BFFA252F8F7B00043ACE /* BufferView.swift */,
			);
			path = SubViews;
			sourceTree = "<group>";
		};
		4105415C256EAEAC001E60CA /* ScoreViews */ = {
			isa = PBXGroup;
			children = (
				4139A3EE25238BF5006E713B /* ScoreRepresentationView.swift */,
				4103BFF6252F6B9F00043ACE /* ButtonScoreView.swift */,
				4139A3F125238EDC006E713B /* MatchesScoreView.swift */,
				4139A3F625239133006E713B /* SelectionScoreView.swift */,
				411DF1F22359EAFA00A37C64 /* BoxesScoreView.swift */,
				416E83E324F9843200609A87 /* ScoreHistoryView.swift */,
			);
			path = ScoreViews;
			sourceTree = "<group>";
		};
		4105415D256EAED3001E60CA /* stateViews */ = {
			isa = PBXGroup;
			children = (
				41E2E3A525D1AB4200005043 /* HistoryView.swift */,
				4173576524A509D6002C10B2 /* SettingsView.swift */,
				4168CE2424AF922000DACD62 /* InfoView.swift */,
				418D8B8524AE19F7008A4A3E /* PlayerWon.swift */,
			);
			path = stateViews;
			sourceTree = "<group>";
		};
		4105415E256EAEF6001E60CA /* extensions */ = {
			isa = PBXGroup;
			children = (
				4173575B24A3EA47002C10B2 /* ViewBuilder.swift */,
			);
			path = extensions;
			sourceTree = "<group>";
		};
		411DF1FF235B194800A37C64 /* Views */ = {
			isa = PBXGroup;
			children = (
				4180CC9C25C84EA5009B0A42 /* TestViews */,
				4105415E256EAEF6001E60CA /* extensions */,
				4105415D256EAED3001E60CA /* stateViews */,
				4105415C256EAEAC001E60CA /* ScoreViews */,
				4105415A256EAE83001E60CA /* SubViews */,
			);
			path = Views;
			sourceTree = "<group>";
		};
		411DF21B23607CD100A37C64 /* PointsUI */ = {
			isa = PBXGroup;
			children = (
				4168CE2824B3899D00DACD62 /* PointsUIApp.swift */,
				4196485424D2CF09002FD363 /* ContentView.swift */,
				411DF22023607CD100A37C64 /* MainGameView.swift */,
				411DF206235C918200A37C64 /* BoardUI.swift */,
				411DF204235C84B600A37C64 /* PlayerView.swift */,
				41054155256EAE22001E60CA /* Models */,
				411DF1FF235B194800A37C64 /* Views */,
				41F114AB236A102000C6314D /* Supporting Files */,
				411DF22E23607CF000A37C64 /* PointsUI.entitlements */,
				411DF22A23607CDA00A37C64 /* Info.plist */,
				411DF22423607CDA00A37C64 /* Preview Content */,
			);
			path = PointsUI;
			sourceTree = "<group>";
		};
		411DF22423607CDA00A37C64 /* Preview Content */ = {
			isa = PBXGroup;
			children = (
				411DF22523607CDA00A37C64 /* Preview Assets.xcassets */,
			);
			path = "Preview Content";
			sourceTree = "<group>";
		};
		4180CC9C25C84EA5009B0A42 /* TestViews */ = {
			isa = PBXGroup;
			children = (
				4135AE8725DE9C4500EF61FF /* GridTests.swift */,
				41648E6B258FE5560070FB42 /* HistoryControlView.swift */,
				41ABA24925C468FC0074A862 /* DebugView.swift */,
				41E709D5257B0F4000DC959E /* CoordinateSampleView.swift */,
				414CC4C62569C62E00B5C10D /* EdgeShapeSamples.swift */,
				41442D6425CC586300515899 /* GeoEffectTest.swift */,
				412EF8E425BF20DD003FDB7E /* HistoryControlsTestView.swift */,
				4180CC9D25C850CC009B0A42 /* HistoryTestView.swift */,
			);
			path = TestViews;
			sourceTree = "<group>";
		};
		41C12BCD24CB1D460043EEE1 /* Frameworks */ = {
			isa = PBXGroup;
			children = (
				41C12BCE24CB1D460043EEE1 /* WidgetKit.framework */,
				41C12BD024CB1D460043EEE1 /* SwiftUI.framework */,
			);
			name = Frameworks;
			sourceTree = "<group>";
		};
		41ED4F2B22AD799000A46C19 = {
			isa = PBXGroup;
			children = (
				411DF21B23607CD100A37C64 /* PointsUI */,
				41C12BCD24CB1D460043EEE1 /* Frameworks */,
				41ED4F3522AD799000A46C19 /* Products */,
				415ED59A25E2F7360063D8C0 /* PointsUI copy-Info.plist */,
			);
			sourceTree = "<group>";
		};
		41ED4F3522AD799000A46C19 /* Products */ = {
			isa = PBXGroup;
			children = (
				411DF21A23607CD100A37C64 /* PointsUI.app */,
			);
			name = Products;
			sourceTree = "<group>";
		};
		41F114AB236A102000C6314D /* Supporting Files */ = {
			isa = PBXGroup;
			children = (
				411DF22223607CDA00A37C64 /* Assets.xcassets */,
				411DF22723607CDA00A37C64 /* LaunchScreen.storyboard */,
			);
			path = "Supporting Files";
			sourceTree = "<group>";
		};
/* End PBXGroup section */

/* Begin PBXNativeTarget section */
		411DF21923607CD100A37C64 /* PointsUI */ = {
			isa = PBXNativeTarget;
			buildConfigurationList = 411DF22B23607CDA00A37C64 /* Build configuration list for PBXNativeTarget "PointsUI" */;
			buildPhases = (
				411DF21623607CD100A37C64 /* Sources */,
				411DF21723607CD100A37C64 /* Frameworks */,
				411DF21823607CD100A37C64 /* Resources */,
				41C12BDE24CB1D4A0043EEE1 /* Embed App Extensions */,
			);
			buildRules = (
			);
			dependencies = (
			);
			name = PointsUI;
			packageProductDependencies = (
			);
			productName = PointsUI;
			productReference = 411DF21A23607CD100A37C64 /* PointsUI.app */;
			productType = "com.apple.product-type.application";
		};
/* End PBXNativeTarget section */

/* Begin PBXProject section */
		41ED4F2C22AD799000A46C19 /* Project object */ = {
			isa = PBXProject;
			attributes = {
				LastSwiftUpdateCheck = 1240;
				LastUpgradeCheck = 1200;
				ORGANIZATIONNAME = "Alexander Völz";
				TargetAttributes = {
					411DF21923607CD100A37C64 = {
						CreatedOnToolsVersion = 11.1;
					};
				};
			};
			buildConfigurationList = 41ED4F2F22AD799000A46C19 /* Build configuration list for PBXProject "PointsUI" */;
			compatibilityVersion = "Xcode 9.3";
			developmentRegion = en;
			hasScannedForEncodings = 0;
			knownRegions = (
				en,
				Base,
			);
			mainGroup = 41ED4F2B22AD799000A46C19;
			packageReferences = (
			);
			productRefGroup = 41ED4F3522AD799000A46C19 /* Products */;
			projectDirPath = "";
			projectRoot = "";
			targets = (
				411DF21923607CD100A37C64 /* PointsUI */,
			);
		};
/* End PBXProject section */

/* Begin PBXResourcesBuildPhase section */
		411DF21823607CD100A37C64 /* Resources */ = {
			isa = PBXResourcesBuildPhase;
			buildActionMask = 2147483647;
			files = (
				411DF22923607CDA00A37C64 /* LaunchScreen.storyboard in Resources */,
				411DF22623607CDA00A37C64 /* Preview Assets.xcassets in Resources */,
				411DF22323607CDA00A37C64 /* Assets.xcassets in Resources */,
			);
			runOnlyForDeploymentPostprocessing = 0;
		};
/* End PBXResourcesBuildPhase section */

/* Begin PBXSourcesBuildPhase section */
		411DF21623607CD100A37C64 /* Sources */ = {
			isa = PBXSourcesBuildPhase;
			buildActionMask = 2147483647;
			files = (
				4168CE2924B3899D00DACD62 /* PointsUIApp.swift in Sources */,
				4196485524D2CF09002FD363 /* ContentView.swift in Sources */,
				41DB1E1523E5C8B800E17CC8 /* Players.swift in Sources */,
				41694CDF258AC1A000E8DB8C /* CountdownView.swift in Sources */,
				411DF2302360824900A37C64 /* BoardUI.swift in Sources */,
				4135AE8825DE9C4700EF61FF /* GridTests.swift in Sources */,
				4173575C24A3EA47002C10B2 /* ViewBuilder.swift in Sources */,
				4173576624A509D6002C10B2 /* SettingsView.swift in Sources */,
				418D8B8624AE19F7008A4A3E /* PlayerWon.swift in Sources */,
				4180CC9E25C850CC009B0A42 /* HistoryTestView.swift in Sources */,
				412EF8E525BF20DD003FDB7E /* HistoryControlsTestView.swift in Sources */,
				41E11F2525C5DD9E00E7B4F6 /* CellData.swift in Sources */,
				41EC900024E8240100038F5C /* Rule.swift in Sources */,
				41E709D6257B0F4000DC959E /* CoordinateSampleView.swift in Sources */,
				414CC4C72569C62E00B5C10D /* EdgeShapeSamples.swift in Sources */,
				41DFDF5D252E2C550068F129 /* MatchView.swift in Sources */,
				411DF22123607CD100A37C64 /* MainGameView.swift in Sources */,
				4168CE2524AF922000DACD62 /* InfoView.swift in Sources */,
				416F37972442AB1A00D9D55B /* EdgeShape.swift in Sources */,
				4139A3F225238EDC006E713B /* MatchesScoreView.swift in Sources */,
				41E11F2B25C5E54700E7B4F6 /* HistoryScoresTable.swift in Sources */,
				41DB1E1923E5C8F100E17CC8 /* History.swift in Sources */,
				4194BF1B24A29209007CDBA1 /* TitleView.swift in Sources */,
				4139A3F725239133006E713B /* SelectionScoreView.swift in Sources */,
				41E11F2825C5DDFC00E7B4F6 /* ScoreRowData.swift in Sources */,
				416E83E424F9843200609A87 /* ScoreHistoryView.swift in Sources */,
				41F114A9236A073F00C6314D /* GlobalSettings.swift in Sources */,
				41442D6525CC586300515899 /* GeoEffectTest.swift in Sources */,
				4103BFFB252F8F7B00043ACE /* BufferView.swift in Sources */,
				4139A3EF25238BF5006E713B /* ScoreRepresentationView.swift in Sources */,
				41648E6C258FE5560070FB42 /* HistoryControlView.swift in Sources */,
				411DF2322360824900A37C64 /* BoxesScoreView.swift in Sources */,
				41054157256EAE22001E60CA /* GameState.swift in Sources */,
				41648E64258D1E340070FB42 /* MenuBar.swift in Sources */,
				41E2E3A625D1ABD000005043 /* HistoryView.swift in Sources */,
				4168CE2724AF925800DACD62 /* GameSettings.swift in Sources */,
				4125D14624D59DD700D00BA9 /* Box.swift in Sources */,
				41EC900224EE7D9900038F5C /* Pickers.swift in Sources */,
				4173575E24A4B676002C10B2 /* Score.swift in Sources */,
				41ABA24A25C468FC0074A862 /* DebugView.swift in Sources */,
				410CA6692532569100D92A29 /* EditPlayerNames.swift in Sources */,
				411DF2312360824900A37C64 /* PlayerView.swift in Sources */,
				4103BFF7252F6B9F00043ACE /* ButtonScoreView.swift in Sources */,
			);
			runOnlyForDeploymentPostprocessing = 0;
		};
/* End PBXSourcesBuildPhase section */

/* Begin PBXVariantGroup section */
		411DF22723607CDA00A37C64 /* LaunchScreen.storyboard */ = {
			isa = PBXVariantGroup;
			children = (
				411DF22823607CDA00A37C64 /* Base */,
			);
			name = LaunchScreen.storyboard;
			sourceTree = "<group>";
		};
/* End PBXVariantGroup section */

/* Begin XCBuildConfiguration section */
		411DF22C23607CDA00A37C64 /* Debug */ = {
			isa = XCBuildConfiguration;
			buildSettings = {
				ALWAYS_EMBED_SWIFT_STANDARD_LIBRARIES = YES;
				ASSETCATALOG_COMPILER_APPICON_NAME = AppIcon;
				CODE_SIGN_ENTITLEMENTS = PointsUI/PointsUI.entitlements;
				CODE_SIGN_IDENTITY = "Apple Development";
				CODE_SIGN_STYLE = Automatic;
				DEVELOPMENT_ASSET_PATHS = "\"PointsUI/Preview Content\"";
				DEVELOPMENT_TEAM = 2NBB26789S;
				ENABLE_PREVIEWS = YES;
				INFOPLIST_FILE = PointsUI/Info.plist;
				IPHONEOS_DEPLOYMENT_TARGET = 14.0;
				LD_RUNPATH_SEARCH_PATHS = (
					"$(inherited)",
					"@executable_path/Frameworks",
				);
				PRODUCT_BUNDLE_IDENTIFIER = AV12.PointsUI;
				PRODUCT_NAME = "$(TARGET_NAME)";
				PROVISIONING_PROFILE_SPECIFIER = "";
				SUPPORTS_MACCATALYST = NO;
				SWIFT_VERSION = 5.0;
				TARGETED_DEVICE_FAMILY = "1,2";
			};
			name = Debug;
		};
		411DF22D23607CDA00A37C64 /* Release */ = {
			isa = XCBuildConfiguration;
			buildSettings = {
				ALWAYS_EMBED_SWIFT_STANDARD_LIBRARIES = YES;
				ASSETCATALOG_COMPILER_APPICON_NAME = AppIcon;
				CODE_SIGN_ENTITLEMENTS = PointsUI/PointsUI.entitlements;
				CODE_SIGN_IDENTITY = "Apple Development";
				CODE_SIGN_STYLE = Automatic;
				DEVELOPMENT_ASSET_PATHS = "\"PointsUI/Preview Content\"";
				DEVELOPMENT_TEAM = 2NBB26789S;
				ENABLE_PREVIEWS = YES;
				INFOPLIST_FILE = PointsUI/Info.plist;
				IPHONEOS_DEPLOYMENT_TARGET = 14.0;
				LD_RUNPATH_SEARCH_PATHS = (
					"$(inherited)",
					"@executable_path/Frameworks",
				);
				PRODUCT_BUNDLE_IDENTIFIER = AV12.PointsUI;
				PRODUCT_NAME = "$(TARGET_NAME)";
				PROVISIONING_PROFILE_SPECIFIER = "";
				SUPPORTS_MACCATALYST = NO;
				SWIFT_VERSION = 5.0;
				TARGETED_DEVICE_FAMILY = "1,2";
			};
			name = Release;
		};
		41ED4F4422AD799300A46C19 /* Debug */ = {
			isa = XCBuildConfiguration;
			buildSettings = {
				ALWAYS_SEARCH_USER_PATHS = NO;
				CLANG_ANALYZER_NONNULL = YES;
				CLANG_ANALYZER_NUMBER_OBJECT_CONVERSION = YES_AGGRESSIVE;
				CLANG_CXX_LANGUAGE_STANDARD = "gnu++14";
				CLANG_CXX_LIBRARY = "libc++";
				CLANG_ENABLE_MODULES = YES;
				CLANG_ENABLE_OBJC_ARC = YES;
				CLANG_ENABLE_OBJC_WEAK = YES;
				CLANG_WARN_BLOCK_CAPTURE_AUTORELEASING = YES;
				CLANG_WARN_BOOL_CONVERSION = YES;
				CLANG_WARN_COMMA = YES;
				CLANG_WARN_CONSTANT_CONVERSION = YES;
				CLANG_WARN_DEPRECATED_OBJC_IMPLEMENTATIONS = YES;
				CLANG_WARN_DIRECT_OBJC_ISA_USAGE = YES_ERROR;
				CLANG_WARN_DOCUMENTATION_COMMENTS = YES;
				CLANG_WARN_EMPTY_BODY = YES;
				CLANG_WARN_ENUM_CONVERSION = YES;
				CLANG_WARN_INFINITE_RECURSION = YES;
				CLANG_WARN_INT_CONVERSION = YES;
				CLANG_WARN_NON_LITERAL_NULL_CONVERSION = YES;
				CLANG_WARN_OBJC_IMPLICIT_RETAIN_SELF = YES;
				CLANG_WARN_OBJC_LITERAL_CONVERSION = YES;
				CLANG_WARN_OBJC_ROOT_CLASS = YES_ERROR;
				CLANG_WARN_QUOTED_INCLUDE_IN_FRAMEWORK_HEADER = YES;
				CLANG_WARN_RANGE_LOOP_ANALYSIS = YES;
				CLANG_WARN_STRICT_PROTOTYPES = YES;
				CLANG_WARN_SUSPICIOUS_MOVE = YES;
				CLANG_WARN_UNGUARDED_AVAILABILITY = YES_AGGRESSIVE;
				CLANG_WARN_UNREACHABLE_CODE = YES;
				CLANG_WARN__DUPLICATE_METHOD_MATCH = YES;
				CODE_SIGN_IDENTITY = "iPhone Developer";
				COPY_PHASE_STRIP = NO;
				DEBUG_INFORMATION_FORMAT = dwarf;
				ENABLE_STRICT_OBJC_MSGSEND = YES;
				ENABLE_TESTABILITY = YES;
				GCC_C_LANGUAGE_STANDARD = gnu11;
				GCC_DYNAMIC_NO_PIC = NO;
				GCC_NO_COMMON_BLOCKS = YES;
				GCC_OPTIMIZATION_LEVEL = 0;
				GCC_PREPROCESSOR_DEFINITIONS = (
					"DEBUG=1",
					"$(inherited)",
				);
				GCC_WARN_64_TO_32_BIT_CONVERSION = YES;
				GCC_WARN_ABOUT_RETURN_TYPE = YES_ERROR;
				GCC_WARN_UNDECLARED_SELECTOR = YES;
				GCC_WARN_UNINITIALIZED_AUTOS = YES_AGGRESSIVE;
				GCC_WARN_UNUSED_FUNCTION = YES;
				GCC_WARN_UNUSED_VARIABLE = YES;
				IPHONEOS_DEPLOYMENT_TARGET = 14.0;
				MTL_ENABLE_DEBUG_INFO = INCLUDE_SOURCE;
				MTL_FAST_MATH = YES;
				ONLY_ACTIVE_ARCH = YES;
				SDKROOT = iphoneos;
				SWIFT_ACTIVE_COMPILATION_CONDITIONS = DEBUG;
				SWIFT_OPTIMIZATION_LEVEL = "-Onone";
			};
			name = Debug;
		};
		41ED4F4522AD799300A46C19 /* Release */ = {
			isa = XCBuildConfiguration;
			buildSettings = {
				ALWAYS_SEARCH_USER_PATHS = NO;
				CLANG_ANALYZER_NONNULL = YES;
				CLANG_ANALYZER_NUMBER_OBJECT_CONVERSION = YES_AGGRESSIVE;
				CLANG_CXX_LANGUAGE_STANDARD = "gnu++14";
				CLANG_CXX_LIBRARY = "libc++";
				CLANG_ENABLE_MODULES = YES;
				CLANG_ENABLE_OBJC_ARC = YES;
				CLANG_ENABLE_OBJC_WEAK = YES;
				CLANG_WARN_BLOCK_CAPTURE_AUTORELEASING = YES;
				CLANG_WARN_BOOL_CONVERSION = YES;
				CLANG_WARN_COMMA = YES;
				CLANG_WARN_CONSTANT_CONVERSION = YES;
				CLANG_WARN_DEPRECATED_OBJC_IMPLEMENTATIONS = YES;
				CLANG_WARN_DIRECT_OBJC_ISA_USAGE = YES_ERROR;
				CLANG_WARN_DOCUMENTATION_COMMENTS = YES;
				CLANG_WARN_EMPTY_BODY = YES;
				CLANG_WARN_ENUM_CONVERSION = YES;
				CLANG_WARN_INFINITE_RECURSION = YES;
				CLANG_WARN_INT_CONVERSION = YES;
				CLANG_WARN_NON_LITERAL_NULL_CONVERSION = YES;
				CLANG_WARN_OBJC_IMPLICIT_RETAIN_SELF = YES;
				CLANG_WARN_OBJC_LITERAL_CONVERSION = YES;
				CLANG_WARN_OBJC_ROOT_CLASS = YES_ERROR;
				CLANG_WARN_QUOTED_INCLUDE_IN_FRAMEWORK_HEADER = YES;
				CLANG_WARN_RANGE_LOOP_ANALYSIS = YES;
				CLANG_WARN_STRICT_PROTOTYPES = YES;
				CLANG_WARN_SUSPICIOUS_MOVE = YES;
				CLANG_WARN_UNGUARDED_AVAILABILITY = YES_AGGRESSIVE;
				CLANG_WARN_UNREACHABLE_CODE = YES;
				CLANG_WARN__DUPLICATE_METHOD_MATCH = YES;
				CODE_SIGN_IDENTITY = "iPhone Developer";
				COPY_PHASE_STRIP = NO;
				DEBUG_INFORMATION_FORMAT = "dwarf-with-dsym";
				ENABLE_NS_ASSERTIONS = NO;
				ENABLE_STRICT_OBJC_MSGSEND = YES;
				GCC_C_LANGUAGE_STANDARD = gnu11;
				GCC_NO_COMMON_BLOCKS = YES;
				GCC_WARN_64_TO_32_BIT_CONVERSION = YES;
				GCC_WARN_ABOUT_RETURN_TYPE = YES_ERROR;
				GCC_WARN_UNDECLARED_SELECTOR = YES;
				GCC_WARN_UNINITIALIZED_AUTOS = YES_AGGRESSIVE;
				GCC_WARN_UNUSED_FUNCTION = YES;
				GCC_WARN_UNUSED_VARIABLE = YES;
				IPHONEOS_DEPLOYMENT_TARGET = 14.0;
				MTL_ENABLE_DEBUG_INFO = NO;
				MTL_FAST_MATH = YES;
				SDKROOT = iphoneos;
				SWIFT_COMPILATION_MODE = wholemodule;
				SWIFT_OPTIMIZATION_LEVEL = "-O";
				VALIDATE_PRODUCT = YES;
			};
			name = Release;
		};
/* End XCBuildConfiguration section */

/* Begin XCConfigurationList section */
		411DF22B23607CDA00A37C64 /* Build configuration list for PBXNativeTarget "PointsUI" */ = {
			isa = XCConfigurationList;
			buildConfigurations = (
				411DF22C23607CDA00A37C64 /* Debug */,
				411DF22D23607CDA00A37C64 /* Release */,
			);
			defaultConfigurationIsVisible = 0;
			defaultConfigurationName = Release;
		};
		41ED4F2F22AD799000A46C19 /* Build configuration list for PBXProject "PointsUI" */ = {
			isa = XCConfigurationList;
			buildConfigurations = (
				41ED4F4422AD799300A46C19 /* Debug */,
				41ED4F4522AD799300A46C19 /* Release */,
			);
			defaultConfigurationIsVisible = 0;
			defaultConfigurationName = Release;
		};
/* End XCConfigurationList section */
	};
	rootObject = 41ED4F2C22AD799000A46C19 /* Project object */;
}
